
Microsoft Visual Studio Solution File, Format Version 12.00
# Visual Studio Version 16
VisualStudioVersion = 16.0.31729.503
MinimumVisualStudioVersion = 10.0.40219.1
Project("{8BC9CEB8-8B4A-11D0-8D11-00A0C91BC942}") = "FractionSerializationDeserialization", "FractionSerializationDeserialization\FractionSerializationDeserialization.vcxproj", "{FF888340-F570-4456-93B1-DF7AE04AB96A}"
EndProject
Global
	GlobalSection(SolutionConfigurationPlatforms) = preSolution
		Debug|x64 = Debug|x64
		Debug|x86 = Debug|x86
		Release|x64 = Release|x64
		Release|x86 = Release|x86
	EndGlobalSection
	GlobalSection(ProjectConfigurationPlatforms) = postSolution
		{FF888340-F570-4456-93B1-DF7AE04AB96A}.Debug|x64.ActiveCfg = Debug|x64
		{FF888340-F570-4456-93B1-DF7AE04AB96A}.Debug|x64.Build.0 = Debug|x64
		{FF888340-F570-4456-93B1-DF7AE04AB96A}.Debug|x86.ActiveCfg = Debug|Win32
		{FF888340-F570-4456-93B1-DF7AE04AB96A}.Debug|x86.Build.0 = Debug|Win32
		{FF888340-F570-4456-93B1-DF7AE04AB96A}.Release|x64.ActiveCfg = Release|x64
		{FF888340-F570-4456-93B1-DF7AE04AB96A}.Release|x64.Build.0 = Release|x64
		{FF888340-F570-4456-93B1-DF7AE04AB96A}.Release|x86.ActiveCfg = Release|Win32
		{FF888340-F570-4456-93B1-DF7AE04AB96A}.Release|x86.Build.0 = Release|Win32
	EndGlobalSection
	GlobalSection(SolutionProperties) = preSolution
		HideSolutionNode = FALSE
	EndGlobalSection
	GlobalSection(ExtensibilityGlobals) = postSolution
		SolutionGuid = {74E08F84-3CE9-495F-A8A7-C2A508B29F25}
	EndGlobalSection
EndGlobal
